// !$*UTF8*$!
{
	archiveVersion = 1;
	classes = {
	};
	objectVersion = 56;
	objects = {

/* Begin PBXBuildFile section */
		871FACBE2AFC4F0600AA5148 /* CameraService.swift in Sources */ = {isa = PBXBuildFile; fileRef = 871FACBD2AFC4F0600AA5148 /* CameraService.swift */; };
		871FACC02AFC5ABF00AA5148 /* CameraView.swift in Sources */ = {isa = PBXBuildFile; fileRef = 871FACBF2AFC5ABF00AA5148 /* CameraView.swift */; };
		871FACC82AFC656B00AA5148 /* CustomCameraView.swift in Sources */ = {isa = PBXBuildFile; fileRef = 871FACC72AFC656B00AA5148 /* CustomCameraView.swift */; };
		871FACCA2AFC65A600AA5148 /* CameraTestView.swift in Sources */ = {isa = PBXBuildFile; fileRef = 871FACC92AFC65A600AA5148 /* CameraTestView.swift */; };
		878A8BF22B23DC9B00C8029E /* CameraController.swift in Sources */ = {isa = PBXBuildFile; fileRef = 878A8BD92B23DC9A00C8029E /* CameraController.swift */; };
		878A8BF62B23DC9B00C8029E /* CVPixelBuffer+Extension.swift in Sources */ = {isa = PBXBuildFile; fileRef = 878A8BDF2B23DC9A00C8029E /* CVPixelBuffer+Extension.swift */; };
		878A8BF72B23DC9B00C8029E /* CameraManager.swift in Sources */ = {isa = PBXBuildFile; fileRef = 878A8BE02B23DC9A00C8029E /* CameraManager.swift */; };
		878A8BF82B23DC9B00C8029E /* DepthOverlay.swift in Sources */ = {isa = PBXBuildFile; fileRef = 878A8BE22B23DC9A00C8029E /* DepthOverlay.swift */; };
		878A8BF92B23DC9B00C8029E /* MetalTextureViewColor.swift in Sources */ = {isa = PBXBuildFile; fileRef = 878A8BE42B23DC9B00C8029E /* MetalTextureViewColor.swift */; };
		878A8BFA2B23DC9B00C8029E /* MetalEnvironment.swift in Sources */ = {isa = PBXBuildFile; fileRef = 878A8BE52B23DC9B00C8029E /* MetalEnvironment.swift */; };
		878A8BFB2B23DC9B00C8029E /* MetalTextureView.swift in Sources */ = {isa = PBXBuildFile; fileRef = 878A8BE62B23DC9B00C8029E /* MetalTextureView.swift */; };
		878A8BFC2B23DC9B00C8029E /* MetalTextureColorThresholdDepth.swift in Sources */ = {isa = PBXBuildFile; fileRef = 878A8BE72B23DC9B00C8029E /* MetalTextureColorThresholdDepth.swift */; };
		878A8BFD2B23DC9B00C8029E /* MetalContentView.swift in Sources */ = {isa = PBXBuildFile; fileRef = 878A8BE82B23DC9B00C8029E /* MetalContentView.swift */; };
		878A8BFE2B23DC9B00C8029E /* shaders.metal in Sources */ = {isa = PBXBuildFile; fileRef = 878A8BEA2B23DC9B00C8029E /* shaders.metal */; };
		878A8BFF2B23DC9B00C8029E /* MetalPointCloud.swift in Sources */ = {isa = PBXBuildFile; fileRef = 878A8BEB2B23DC9B00C8029E /* MetalPointCloud.swift */; };
		878A8C002B23DC9B00C8029E /* MetalTextureViewDepth.swift in Sources */ = {isa = PBXBuildFile; fileRef = 878A8BEC2B23DC9B00C8029E /* MetalTextureViewDepth.swift */; };
		878A8C012B23DC9B00C8029E /* MetalTextureColorZap.swift in Sources */ = {isa = PBXBuildFile; fileRef = 878A8BED2B23DC9B00C8029E /* MetalTextureColorZap.swift */; };
		878A8C022B23DC9B00C8029E /* ZoomOnTap.swift in Sources */ = {isa = PBXBuildFile; fileRef = 878A8BEE2B23DC9B00C8029E /* ZoomOnTap.swift */; };
		878A8C032B23DC9B00C8029E /* View+Extensions.swift in Sources */ = {isa = PBXBuildFile; fileRef = 878A8BEF2B23DC9B00C8029E /* View+Extensions.swift */; };
		878A8C042B23DC9B00C8029E /* ContentView.swift in Sources */ = {isa = PBXBuildFile; fileRef = 878A8BF02B23DC9B00C8029E /* ContentView.swift */; };
		87973C802B215E16001427AE /* SwiftUIView.swift in Sources */ = {isa = PBXBuildFile; fileRef = 87973C7F2B215E16001427AE /* SwiftUIView.swift */; };
		87C5FD682B71BF4300ACFC1E /* File.swift in Sources */ = {isa = PBXBuildFile; fileRef = 87C5FD672B71BF4200ACFC1E /* File.swift */; };
		87D1A7522AF2B9A600AB3210 /* Imaging_Diagnosis_AppApp.swift in Sources */ = {isa = PBXBuildFile; fileRef = 87D1A7512AF2B9A600AB3210 /* Imaging_Diagnosis_AppApp.swift */; };
		87D1A7542AF2B9A600AB3210 /* HomeView.swift in Sources */ = {isa = PBXBuildFile; fileRef = 87D1A7532AF2B9A600AB3210 /* HomeView.swift */; };
		87D1A7562AF2B9A800AB3210 /* Assets.xcassets in Resources */ = {isa = PBXBuildFile; fileRef = 87D1A7552AF2B9A800AB3210 /* Assets.xcassets */; };
		87D1A7592AF2B9A800AB3210 /* Preview Assets.xcassets in Resources */ = {isa = PBXBuildFile; fileRef = 87D1A7582AF2B9A800AB3210 /* Preview Assets.xcassets */; };
		87D1A7632AF2B9A900AB3210 /* Imaging_Diagnosis_AppTests.swift in Sources */ = {isa = PBXBuildFile; fileRef = 87D1A7622AF2B9A900AB3210 /* Imaging_Diagnosis_AppTests.swift */; };
		87D1A76D2AF2B9A900AB3210 /* Imaging_Diagnosis_AppUITests.swift in Sources */ = {isa = PBXBuildFile; fileRef = 87D1A76C2AF2B9A900AB3210 /* Imaging_Diagnosis_AppUITests.swift */; };
		87D1A76F2AF2B9A900AB3210 /* Imaging_Diagnosis_AppUITestsLaunchTests.swift in Sources */ = {isa = PBXBuildFile; fileRef = 87D1A76E2AF2B9A900AB3210 /* Imaging_Diagnosis_AppUITestsLaunchTests.swift */; };
		87D1A77C2AF2BA5A00AB3210 /* LibraryView.swift in Sources */ = {isa = PBXBuildFile; fileRef = 87D1A77B2AF2BA5A00AB3210 /* LibraryView.swift */; };
		87D1A77E2AF2BE3B00AB3210 /* HelpView.swift in Sources */ = {isa = PBXBuildFile; fileRef = 87D1A77D2AF2BE3B00AB3210 /* HelpView.swift */; };
		87D1A7802AF2BF5C00AB3210 /* SettingView.swift in Sources */ = {isa = PBXBuildFile; fileRef = 87D1A77F2AF2BF5C00AB3210 /* SettingView.swift */; };
		87D1A7822AF2C2AF00AB3210 /* CalibrationView.swift in Sources */ = {isa = PBXBuildFile; fileRef = 87D1A7812AF2C2AF00AB3210 /* CalibrationView.swift */; };
/* End PBXBuildFile section */

/* Begin PBXContainerItemProxy section */
		87D1A75F2AF2B9A900AB3210 /* PBXContainerItemProxy */ = {
			isa = PBXContainerItemProxy;
			containerPortal = 87D1A7462AF2B9A500AB3210 /* Project object */;
			proxyType = 1;
			remoteGlobalIDString = 87D1A74D2AF2B9A600AB3210;
			remoteInfo = Imaging_Diagnosis_App;
		};
		87D1A7692AF2B9A900AB3210 /* PBXContainerItemProxy */ = {
			isa = PBXContainerItemProxy;
			containerPortal = 87D1A7462AF2B9A500AB3210 /* Project object */;
			proxyType = 1;
			remoteGlobalIDString = 87D1A74D2AF2B9A600AB3210;
			remoteInfo = Imaging_Diagnosis_App;
		};
/* End PBXContainerItemProxy section */

/* Begin PBXFileReference section */
		871FACBD2AFC4F0600AA5148 /* CameraService.swift */ = {isa = PBXFileReference; lastKnownFileType = sourcecode.swift; path = CameraService.swift; sourceTree = "<group>"; };
		871FACBF2AFC5ABF00AA5148 /* CameraView.swift */ = {isa = PBXFileReference; lastKnownFileType = sourcecode.swift; path = CameraView.swift; sourceTree = "<group>"; };
		871FACC72AFC656B00AA5148 /* CustomCameraView.swift */ = {isa = PBXFileReference; lastKnownFileType = sourcecode.swift; path = CustomCameraView.swift; sourceTree = "<group>"; };
		871FACC92AFC65A600AA5148 /* CameraTestView.swift */ = {isa = PBXFileReference; lastKnownFileType = sourcecode.swift; path = CameraTestView.swift; sourceTree = "<group>"; };
		878A8BD92B23DC9A00C8029E /* CameraController.swift */ = {isa = PBXFileReference; fileEncoding = 4; lastKnownFileType = sourcecode.swift; path = CameraController.swift; sourceTree = "<group>"; };
		878A8BDF2B23DC9A00C8029E /* CVPixelBuffer+Extension.swift */ = {isa = PBXFileReference; fileEncoding = 4; lastKnownFileType = sourcecode.swift; path = "CVPixelBuffer+Extension.swift"; sourceTree = "<group>"; };
		878A8BE02B23DC9A00C8029E /* CameraManager.swift */ = {isa = PBXFileReference; fileEncoding = 4; lastKnownFileType = sourcecode.swift; path = CameraManager.swift; sourceTree = "<group>"; };
		878A8BE22B23DC9A00C8029E /* DepthOverlay.swift */ = {isa = PBXFileReference; fileEncoding = 4; lastKnownFileType = sourcecode.swift; path = DepthOverlay.swift; sourceTree = "<group>"; };
		878A8BE42B23DC9B00C8029E /* MetalTextureViewColor.swift */ = {isa = PBXFileReference; fileEncoding = 4; lastKnownFileType = sourcecode.swift; path = MetalTextureViewColor.swift; sourceTree = "<group>"; };
		878A8BE52B23DC9B00C8029E /* MetalEnvironment.swift */ = {isa = PBXFileReference; fileEncoding = 4; lastKnownFileType = sourcecode.swift; path = MetalEnvironment.swift; sourceTree = "<group>"; };
		878A8BE62B23DC9B00C8029E /* MetalTextureView.swift */ = {isa = PBXFileReference; fileEncoding = 4; lastKnownFileType = sourcecode.swift; path = MetalTextureView.swift; sourceTree = "<group>"; };
		878A8BE72B23DC9B00C8029E /* MetalTextureColorThresholdDepth.swift */ = {isa = PBXFileReference; fileEncoding = 4; lastKnownFileType = sourcecode.swift; path = MetalTextureColorThresholdDepth.swift; sourceTree = "<group>"; };
		878A8BE82B23DC9B00C8029E /* MetalContentView.swift */ = {isa = PBXFileReference; fileEncoding = 4; lastKnownFileType = sourcecode.swift; path = MetalContentView.swift; sourceTree = "<group>"; };
		878A8BEA2B23DC9B00C8029E /* shaders.metal */ = {isa = PBXFileReference; fileEncoding = 4; lastKnownFileType = sourcecode.metal; path = shaders.metal; sourceTree = "<group>"; };
		878A8BEB2B23DC9B00C8029E /* MetalPointCloud.swift */ = {isa = PBXFileReference; fileEncoding = 4; lastKnownFileType = sourcecode.swift; path = MetalPointCloud.swift; sourceTree = "<group>"; };
		878A8BEC2B23DC9B00C8029E /* MetalTextureViewDepth.swift */ = {isa = PBXFileReference; fileEncoding = 4; lastKnownFileType = sourcecode.swift; path = MetalTextureViewDepth.swift; sourceTree = "<group>"; };
		878A8BED2B23DC9B00C8029E /* MetalTextureColorZap.swift */ = {isa = PBXFileReference; fileEncoding = 4; lastKnownFileType = sourcecode.swift; path = MetalTextureColorZap.swift; sourceTree = "<group>"; };
		878A8BEE2B23DC9B00C8029E /* ZoomOnTap.swift */ = {isa = PBXFileReference; fileEncoding = 4; lastKnownFileType = sourcecode.swift; path = ZoomOnTap.swift; sourceTree = "<group>"; };
		878A8BEF2B23DC9B00C8029E /* View+Extensions.swift */ = {isa = PBXFileReference; fileEncoding = 4; lastKnownFileType = sourcecode.swift; path = "View+Extensions.swift"; sourceTree = "<group>"; };
		878A8BF02B23DC9B00C8029E /* ContentView.swift */ = {isa = PBXFileReference; fileEncoding = 4; lastKnownFileType = sourcecode.swift; path = ContentView.swift; sourceTree = "<group>"; };
		87973C7F2B215E16001427AE /* SwiftUIView.swift */ = {isa = PBXFileReference; lastKnownFileType = sourcecode.swift; path = SwiftUIView.swift; sourceTree = "<group>"; };
		87C5FD672B71BF4200ACFC1E /* File.swift */ = {isa = PBXFileReference; lastKnownFileType = sourcecode.swift; path = File.swift; sourceTree = "<group>"; };
		87D1A74E2AF2B9A600AB3210 /* Imaging_Diagnosis_App.app */ = {isa = PBXFileReference; explicitFileType = wrapper.application; includeInIndex = 0; path = Imaging_Diagnosis_App.app; sourceTree = BUILT_PRODUCTS_DIR; };
		87D1A7512AF2B9A600AB3210 /* Imaging_Diagnosis_AppApp.swift */ = {isa = PBXFileReference; lastKnownFileType = sourcecode.swift; path = Imaging_Diagnosis_AppApp.swift; sourceTree = "<group>"; };
		87D1A7532AF2B9A600AB3210 /* HomeView.swift */ = {isa = PBXFileReference; lastKnownFileType = sourcecode.swift; path = HomeView.swift; sourceTree = "<group>"; };
		87D1A7552AF2B9A800AB3210 /* Assets.xcassets */ = {isa = PBXFileReference; lastKnownFileType = folder.assetcatalog; path = Assets.xcassets; sourceTree = "<group>"; };
		87D1A7582AF2B9A800AB3210 /* Preview Assets.xcassets */ = {isa = PBXFileReference; lastKnownFileType = folder.assetcatalog; path = "Preview Assets.xcassets"; sourceTree = "<group>"; };
		87D1A75E2AF2B9A900AB3210 /* Imaging_Diagnosis_AppTests.xctest */ = {isa = PBXFileReference; explicitFileType = wrapper.cfbundle; includeInIndex = 0; path = Imaging_Diagnosis_AppTests.xctest; sourceTree = BUILT_PRODUCTS_DIR; };
		87D1A7622AF2B9A900AB3210 /* Imaging_Diagnosis_AppTests.swift */ = {isa = PBXFileReference; lastKnownFileType = sourcecode.swift; path = Imaging_Diagnosis_AppTests.swift; sourceTree = "<group>"; };
		87D1A7682AF2B9A900AB3210 /* Imaging_Diagnosis_AppUITests.xctest */ = {isa = PBXFileReference; explicitFileType = wrapper.cfbundle; includeInIndex = 0; path = Imaging_Diagnosis_AppUITests.xctest; sourceTree = BUILT_PRODUCTS_DIR; };
		87D1A76C2AF2B9A900AB3210 /* Imaging_Diagnosis_AppUITests.swift */ = {isa = PBXFileReference; lastKnownFileType = sourcecode.swift; path = Imaging_Diagnosis_AppUITests.swift; sourceTree = "<group>"; };
		87D1A76E2AF2B9A900AB3210 /* Imaging_Diagnosis_AppUITestsLaunchTests.swift */ = {isa = PBXFileReference; lastKnownFileType = sourcecode.swift; path = Imaging_Diagnosis_AppUITestsLaunchTests.swift; sourceTree = "<group>"; };
		87D1A77B2AF2BA5A00AB3210 /* LibraryView.swift */ = {isa = PBXFileReference; lastKnownFileType = sourcecode.swift; path = LibraryView.swift; sourceTree = "<group>"; };
		87D1A77D2AF2BE3B00AB3210 /* HelpView.swift */ = {isa = PBXFileReference; lastKnownFileType = sourcecode.swift; path = HelpView.swift; sourceTree = "<group>"; };
		87D1A77F2AF2BF5C00AB3210 /* SettingView.swift */ = {isa = PBXFileReference; lastKnownFileType = sourcecode.swift; path = SettingView.swift; sourceTree = "<group>"; };
		87D1A7812AF2C2AF00AB3210 /* CalibrationView.swift */ = {isa = PBXFileReference; lastKnownFileType = sourcecode.swift; path = CalibrationView.swift; sourceTree = "<group>"; };
/* End PBXFileReference section */

/* Begin PBXFrameworksBuildPhase section */
		87D1A74B2AF2B9A600AB3210 /* Frameworks */ = {
			isa = PBXFrameworksBuildPhase;
			buildActionMask = 2147483647;
			files = (
			);
			runOnlyForDeploymentPostprocessing = 0;
		};
		87D1A75B2AF2B9A900AB3210 /* Frameworks */ = {
			isa = PBXFrameworksBuildPhase;
			buildActionMask = 2147483647;
			files = (
			);
			runOnlyForDeploymentPostprocessing = 0;
		};
		87D1A7652AF2B9A900AB3210 /* Frameworks */ = {
			isa = PBXFrameworksBuildPhase;
			buildActionMask = 2147483647;
			files = (
			);
			runOnlyForDeploymentPostprocessing = 0;
		};
/* End PBXFrameworksBuildPhase section */

/* Begin PBXGroup section */
		878A8BDE2B23DC9A00C8029E /* Model */ = {
			isa = PBXGroup;
			children = (
				878A8BDF2B23DC9A00C8029E /* CVPixelBuffer+Extension.swift */,
				878A8BE02B23DC9A00C8029E /* CameraManager.swift */,
			);
			name = Model;
			path = LiDARDepth/Model;
			sourceTree = "<group>";
		};
		878A8BE12B23DC9A00C8029E /* Views */ = {
			isa = PBXGroup;
			children = (
				878A8BE22B23DC9A00C8029E /* DepthOverlay.swift */,
				878A8BE32B23DC9B00C8029E /* Metal */,
				878A8BEE2B23DC9B00C8029E /* ZoomOnTap.swift */,
				878A8BEF2B23DC9B00C8029E /* View+Extensions.swift */,
				878A8BF02B23DC9B00C8029E /* ContentView.swift */,
			);
			path = Views;
			sourceTree = "<group>";
		};
		878A8BE32B23DC9B00C8029E /* Metal */ = {
			isa = PBXGroup;
			children = (
				878A8BE42B23DC9B00C8029E /* MetalTextureViewColor.swift */,
				878A8BE52B23DC9B00C8029E /* MetalEnvironment.swift */,
				878A8BE62B23DC9B00C8029E /* MetalTextureView.swift */,
				878A8BE72B23DC9B00C8029E /* MetalTextureColorThresholdDepth.swift */,
				878A8BE82B23DC9B00C8029E /* MetalContentView.swift */,
				878A8BE92B23DC9B00C8029E /* Shaders */,
				878A8BEB2B23DC9B00C8029E /* MetalPointCloud.swift */,
				878A8BEC2B23DC9B00C8029E /* MetalTextureViewDepth.swift */,
				878A8BED2B23DC9B00C8029E /* MetalTextureColorZap.swift */,
			);
			path = Metal;
			sourceTree = "<group>";
		};
		878A8BE92B23DC9B00C8029E /* Shaders */ = {
			isa = PBXGroup;
			children = (
				878A8BEA2B23DC9B00C8029E /* shaders.metal */,
			);
			path = Shaders;
			sourceTree = "<group>";
		};
		87CD9EE92AFD93EB00E276DA /* Camera */ = {
			isa = PBXGroup;
			children = (
				878A8BD92B23DC9A00C8029E /* CameraController.swift */,
				871FACBD2AFC4F0600AA5148 /* CameraService.swift */,
				871FACBF2AFC5ABF00AA5148 /* CameraView.swift */,
				871FACC92AFC65A600AA5148 /* CameraTestView.swift */,
				871FACC72AFC656B00AA5148 /* CustomCameraView.swift */,
			);
			path = Camera;
			sourceTree = "<group>";
		};
		87CD9EEB2AFD940B00E276DA /* Other Tabs */ = {
			isa = PBXGroup;
			children = (
				878A8BE12B23DC9A00C8029E /* Views */,
				87D1A7812AF2C2AF00AB3210 /* CalibrationView.swift */,
				87C5FD672B71BF4200ACFC1E /* File.swift */,
				87973C7F2B215E16001427AE /* SwiftUIView.swift */,
				87D1A77B2AF2BA5A00AB3210 /* LibraryView.swift */,
				87D1A77D2AF2BE3B00AB3210 /* HelpView.swift */,
				87D1A77F2AF2BF5C00AB3210 /* SettingView.swift */,
			);
			path = "Other Tabs";
			sourceTree = "<group>";
		};
		87D1A7452AF2B9A500AB3210 = {
			isa = PBXGroup;
			children = (
				87D1A7502AF2B9A600AB3210 /* Imaging_Diagnosis_App */,
				87D1A7612AF2B9A900AB3210 /* Imaging_Diagnosis_AppTests */,
				87D1A76B2AF2B9A900AB3210 /* Imaging_Diagnosis_AppUITests */,
				87D1A74F2AF2B9A600AB3210 /* Products */,
			);
			sourceTree = "<group>";
		};
		87D1A74F2AF2B9A600AB3210 /* Products */ = {
			isa = PBXGroup;
			children = (
				87D1A74E2AF2B9A600AB3210 /* Imaging_Diagnosis_App.app */,
				87D1A75E2AF2B9A900AB3210 /* Imaging_Diagnosis_AppTests.xctest */,
				87D1A7682AF2B9A900AB3210 /* Imaging_Diagnosis_AppUITests.xctest */,
			);
			name = Products;
			sourceTree = "<group>";
		};
		87D1A7502AF2B9A600AB3210 /* Imaging_Diagnosis_App */ = {
			isa = PBXGroup;
			children = (
				87D1A7512AF2B9A600AB3210 /* Imaging_Diagnosis_AppApp.swift */,
				87D1A7532AF2B9A600AB3210 /* HomeView.swift */,
				878A8BDE2B23DC9A00C8029E /* Model */,
				87CD9EE92AFD93EB00E276DA /* Camera */,
				87CD9EEB2AFD940B00E276DA /* Other Tabs */,
				87D1A7552AF2B9A800AB3210 /* Assets.xcassets */,
				87D1A7572AF2B9A800AB3210 /* Preview Content */,
			);
			path = Imaging_Diagnosis_App;
			sourceTree = "<group>";
		};
		87D1A7572AF2B9A800AB3210 /* Preview Content */ = {
			isa = PBXGroup;
			children = (
				87D1A7582AF2B9A800AB3210 /* Preview Assets.xcassets */,
			);
			path = "Preview Content";
			sourceTree = "<group>";
		};
		87D1A7612AF2B9A900AB3210 /* Imaging_Diagnosis_AppTests */ = {
			isa = PBXGroup;
			children = (
				87D1A7622AF2B9A900AB3210 /* Imaging_Diagnosis_AppTests.swift */,
			);
			path = Imaging_Diagnosis_AppTests;
			sourceTree = "<group>";
		};
		87D1A76B2AF2B9A900AB3210 /* Imaging_Diagnosis_AppUITests */ = {
			isa = PBXGroup;
			children = (
				87D1A76C2AF2B9A900AB3210 /* Imaging_Diagnosis_AppUITests.swift */,
				87D1A76E2AF2B9A900AB3210 /* Imaging_Diagnosis_AppUITestsLaunchTests.swift */,
			);
			path = Imaging_Diagnosis_AppUITests;
			sourceTree = "<group>";
		};
/* End PBXGroup section */

/* Begin PBXNativeTarget section */
		87D1A74D2AF2B9A600AB3210 /* Imaging_Diagnosis_App */ = {
			isa = PBXNativeTarget;
			buildConfigurationList = 87D1A7722AF2B9A900AB3210 /* Build configuration list for PBXNativeTarget "Imaging_Diagnosis_App" */;
			buildPhases = (
				87D1A74A2AF2B9A600AB3210 /* Sources */,
				87D1A74B2AF2B9A600AB3210 /* Frameworks */,
				87D1A74C2AF2B9A600AB3210 /* Resources */,
			);
			buildRules = (
			);
			dependencies = (
			);
			name = Imaging_Diagnosis_App;
			productName = Imaging_Diagnosis_App;
			productReference = 87D1A74E2AF2B9A600AB3210 /* Imaging_Diagnosis_App.app */;
			productType = "com.apple.product-type.application";
		};
		87D1A75D2AF2B9A900AB3210 /* Imaging_Diagnosis_AppTests */ = {
			isa = PBXNativeTarget;
			buildConfigurationList = 87D1A7752AF2B9A900AB3210 /* Build configuration list for PBXNativeTarget "Imaging_Diagnosis_AppTests" */;
			buildPhases = (
				87D1A75A2AF2B9A900AB3210 /* Sources */,
				87D1A75B2AF2B9A900AB3210 /* Frameworks */,
				87D1A75C2AF2B9A900AB3210 /* Resources */,
			);
			buildRules = (
			);
			dependencies = (
				87D1A7602AF2B9A900AB3210 /* PBXTargetDependency */,
			);
			name = Imaging_Diagnosis_AppTests;
			productName = Imaging_Diagnosis_AppTests;
			productReference = 87D1A75E2AF2B9A900AB3210 /* Imaging_Diagnosis_AppTests.xctest */;
			productType = "com.apple.product-type.bundle.unit-test";
		};
		87D1A7672AF2B9A900AB3210 /* Imaging_Diagnosis_AppUITests */ = {
			isa = PBXNativeTarget;
			buildConfigurationList = 87D1A7782AF2B9A900AB3210 /* Build configuration list for PBXNativeTarget "Imaging_Diagnosis_AppUITests" */;
			buildPhases = (
				87D1A7642AF2B9A900AB3210 /* Sources */,
				87D1A7652AF2B9A900AB3210 /* Frameworks */,
				87D1A7662AF2B9A900AB3210 /* Resources */,
			);
			buildRules = (
			);
			dependencies = (
				87D1A76A2AF2B9A900AB3210 /* PBXTargetDependency */,
			);
			name = Imaging_Diagnosis_AppUITests;
			productName = Imaging_Diagnosis_AppUITests;
			productReference = 87D1A7682AF2B9A900AB3210 /* Imaging_Diagnosis_AppUITests.xctest */;
			productType = "com.apple.product-type.bundle.ui-testing";
		};
/* End PBXNativeTarget section */

/* Begin PBXProject section */
		87D1A7462AF2B9A500AB3210 /* Project object */ = {
			isa = PBXProject;
			attributes = {
				BuildIndependentTargetsInParallel = 1;
				LastSwiftUpdateCheck = 1420;
				LastUpgradeCheck = 1520;
				TargetAttributes = {
					87D1A74D2AF2B9A600AB3210 = {
						CreatedOnToolsVersion = 14.2;
					};
					87D1A75D2AF2B9A900AB3210 = {
						CreatedOnToolsVersion = 14.2;
						TestTargetID = 87D1A74D2AF2B9A600AB3210;
					};
					87D1A7672AF2B9A900AB3210 = {
						CreatedOnToolsVersion = 14.2;
						TestTargetID = 87D1A74D2AF2B9A600AB3210;
					};
				};
			};
			buildConfigurationList = 87D1A7492AF2B9A500AB3210 /* Build configuration list for PBXProject "Imaging_Diagnosis_App" */;
			compatibilityVersion = "Xcode 14.0";
			developmentRegion = en;
			hasScannedForEncodings = 0;
			knownRegions = (
				en,
				Base,
			);
			mainGroup = 87D1A7452AF2B9A500AB3210;
			productRefGroup = 87D1A74F2AF2B9A600AB3210 /* Products */;
			projectDirPath = "";
			projectRoot = "";
			targets = (
				87D1A74D2AF2B9A600AB3210 /* Imaging_Diagnosis_App */,
				87D1A75D2AF2B9A900AB3210 /* Imaging_Diagnosis_AppTests */,
				87D1A7672AF2B9A900AB3210 /* Imaging_Diagnosis_AppUITests */,
			);
		};
/* End PBXProject section */

/* Begin PBXResourcesBuildPhase section */
		87D1A74C2AF2B9A600AB3210 /* Resources */ = {
			isa = PBXResourcesBuildPhase;
			buildActionMask = 2147483647;
			files = (
				87D1A7592AF2B9A800AB3210 /* Preview Assets.xcassets in Resources */,
				87D1A7562AF2B9A800AB3210 /* Assets.xcassets in Resources */,
			);
			runOnlyForDeploymentPostprocessing = 0;
		};
		87D1A75C2AF2B9A900AB3210 /* Resources */ = {
			isa = PBXResourcesBuildPhase;
			buildActionMask = 2147483647;
			files = (
			);
			runOnlyForDeploymentPostprocessing = 0;
		};
		87D1A7662AF2B9A900AB3210 /* Resources */ = {
			isa = PBXResourcesBuildPhase;
			buildActionMask = 2147483647;
			files = (
			);
			runOnlyForDeploymentPostprocessing = 0;
		};
/* End PBXResourcesBuildPhase section */

/* Begin PBXSourcesBuildPhase section */
		87D1A74A2AF2B9A600AB3210 /* Sources */ = {
			isa = PBXSourcesBuildPhase;
			buildActionMask = 2147483647;
			files = (
				878A8BFB2B23DC9B00C8029E /* MetalTextureView.swift in Sources */,
				878A8C032B23DC9B00C8029E /* View+Extensions.swift in Sources */,
				878A8C042B23DC9B00C8029E /* ContentView.swift in Sources */,
				87D1A7542AF2B9A600AB3210 /* HomeView.swift in Sources */,
				871FACC82AFC656B00AA5148 /* CustomCameraView.swift in Sources */,
				87973C802B215E16001427AE /* SwiftUIView.swift in Sources */,
				878A8BF62B23DC9B00C8029E /* CVPixelBuffer+Extension.swift in Sources */,
				878A8BFF2B23DC9B00C8029E /* MetalPointCloud.swift in Sources */,
				878A8BF82B23DC9B00C8029E /* DepthOverlay.swift in Sources */,
				87C5FD682B71BF4300ACFC1E /* File.swift in Sources */,
				878A8BF72B23DC9B00C8029E /* CameraManager.swift in Sources */,
				878A8C012B23DC9B00C8029E /* MetalTextureColorZap.swift in Sources */,
				878A8BF92B23DC9B00C8029E /* MetalTextureViewColor.swift in Sources */,
				87D1A7802AF2BF5C00AB3210 /* SettingView.swift in Sources */,
				871FACCA2AFC65A600AA5148 /* CameraTestView.swift in Sources */,
				878A8BFE2B23DC9B00C8029E /* shaders.metal in Sources */,
				87D1A77E2AF2BE3B00AB3210 /* HelpView.swift in Sources */,
				878A8BF22B23DC9B00C8029E /* CameraController.swift in Sources */,
				878A8BFD2B23DC9B00C8029E /* MetalContentView.swift in Sources */,
				87D1A7822AF2C2AF00AB3210 /* CalibrationView.swift in Sources */,
				878A8BFC2B23DC9B00C8029E /* MetalTextureColorThresholdDepth.swift in Sources */,
				87D1A77C2AF2BA5A00AB3210 /* LibraryView.swift in Sources */,
				878A8C002B23DC9B00C8029E /* MetalTextureViewDepth.swift in Sources */,
				87D1A7522AF2B9A600AB3210 /* Imaging_Diagnosis_AppApp.swift in Sources */,
				878A8BFA2B23DC9B00C8029E /* MetalEnvironment.swift in Sources */,
				878A8C022B23DC9B00C8029E /* ZoomOnTap.swift in Sources */,
				871FACBE2AFC4F0600AA5148 /* CameraService.swift in Sources */,
				871FACC02AFC5ABF00AA5148 /* CameraView.swift in Sources */,
			);
			runOnlyForDeploymentPostprocessing = 0;
		};
		87D1A75A2AF2B9A900AB3210 /* Sources */ = {
			isa = PBXSourcesBuildPhase;
			buildActionMask = 2147483647;
			files = (
				87D1A7632AF2B9A900AB3210 /* Imaging_Diagnosis_AppTests.swift in Sources */,
			);
			runOnlyForDeploymentPostprocessing = 0;
		};
		87D1A7642AF2B9A900AB3210 /* Sources */ = {
			isa = PBXSourcesBuildPhase;
			buildActionMask = 2147483647;
			files = (
				87D1A76D2AF2B9A900AB3210 /* Imaging_Diagnosis_AppUITests.swift in Sources */,
				87D1A76F2AF2B9A900AB3210 /* Imaging_Diagnosis_AppUITestsLaunchTests.swift in Sources */,
			);
			runOnlyForDeploymentPostprocessing = 0;
		};
/* End PBXSourcesBuildPhase section */

/* Begin PBXTargetDependency section */
		87D1A7602AF2B9A900AB3210 /* PBXTargetDependency */ = {
			isa = PBXTargetDependency;
			target = 87D1A74D2AF2B9A600AB3210 /* Imaging_Diagnosis_App */;
			targetProxy = 87D1A75F2AF2B9A900AB3210 /* PBXContainerItemProxy */;
		};
		87D1A76A2AF2B9A900AB3210 /* PBXTargetDependency */ = {
			isa = PBXTargetDependency;
			target = 87D1A74D2AF2B9A600AB3210 /* Imaging_Diagnosis_App */;
			targetProxy = 87D1A7692AF2B9A900AB3210 /* PBXContainerItemProxy */;
		};
/* End PBXTargetDependency section */

/* Begin XCBuildConfiguration section */
		87D1A7702AF2B9A900AB3210 /* Debug */ = {
			isa = XCBuildConfiguration;
			buildSettings = {
				ALWAYS_SEARCH_USER_PATHS = NO;
				CLANG_ANALYZER_NONNULL = YES;
				CLANG_ANALYZER_NUMBER_OBJECT_CONVERSION = YES_AGGRESSIVE;
				CLANG_CXX_LANGUAGE_STANDARD = "gnu++20";
				CLANG_ENABLE_MODULES = YES;
				CLANG_ENABLE_OBJC_ARC = YES;
				CLANG_ENABLE_OBJC_WEAK = YES;
				CLANG_WARN_BLOCK_CAPTURE_AUTORELEASING = YES;
				CLANG_WARN_BOOL_CONVERSION = YES;
				CLANG_WARN_COMMA = YES;
				CLANG_WARN_CONSTANT_CONVERSION = YES;
				CLANG_WARN_DEPRECATED_OBJC_IMPLEMENTATIONS = YES;
				CLANG_WARN_DIRECT_OBJC_ISA_USAGE = YES_ERROR;
				CLANG_WARN_DOCUMENTATION_COMMENTS = YES;
				CLANG_WARN_EMPTY_BODY = YES;
				CLANG_WARN_ENUM_CONVERSION = YES;
				CLANG_WARN_INFINITE_RECURSION = YES;
				CLANG_WARN_INT_CONVERSION = YES;
				CLANG_WARN_NON_LITERAL_NULL_CONVERSION = YES;
				CLANG_WARN_OBJC_IMPLICIT_RETAIN_SELF = YES;
				CLANG_WARN_OBJC_LITERAL_CONVERSION = YES;
				CLANG_WARN_OBJC_ROOT_CLASS = YES_ERROR;
				CLANG_WARN_QUOTED_INCLUDE_IN_FRAMEWORK_HEADER = YES;
				CLANG_WARN_RANGE_LOOP_ANALYSIS = YES;
				CLANG_WARN_STRICT_PROTOTYPES = YES;
				CLANG_WARN_SUSPICIOUS_MOVE = YES;
				CLANG_WARN_UNGUARDED_AVAILABILITY = YES_AGGRESSIVE;
				CLANG_WARN_UNREACHABLE_CODE = YES;
				CLANG_WARN__DUPLICATE_METHOD_MATCH = YES;
				COPY_PHASE_STRIP = NO;
				DEBUG_INFORMATION_FORMAT = dwarf;
				ENABLE_STRICT_OBJC_MSGSEND = YES;
				ENABLE_TESTABILITY = YES;
				ENABLE_USER_SCRIPT_SANDBOXING = YES;
				GCC_C_LANGUAGE_STANDARD = gnu11;
				GCC_DYNAMIC_NO_PIC = NO;
				GCC_NO_COMMON_BLOCKS = YES;
				GCC_OPTIMIZATION_LEVEL = 0;
				GCC_PREPROCESSOR_DEFINITIONS = (
					"DEBUG=1",
					"$(inherited)",
				);
				GCC_WARN_64_TO_32_BIT_CONVERSION = YES;
				GCC_WARN_ABOUT_RETURN_TYPE = YES_ERROR;
				GCC_WARN_UNDECLARED_SELECTOR = YES;
				GCC_WARN_UNINITIALIZED_AUTOS = YES_AGGRESSIVE;
				GCC_WARN_UNUSED_FUNCTION = YES;
				GCC_WARN_UNUSED_VARIABLE = YES;
				IPHONEOS_DEPLOYMENT_TARGET = 16.2;
				MTL_ENABLE_DEBUG_INFO = INCLUDE_SOURCE;
				MTL_FAST_MATH = YES;
				ONLY_ACTIVE_ARCH = YES;
				SDKROOT = iphoneos;
				SWIFT_ACTIVE_COMPILATION_CONDITIONS = DEBUG;
				SWIFT_OPTIMIZATION_LEVEL = "-Onone";
			};
			name = Debug;
		};
		87D1A7712AF2B9A900AB3210 /* Release */ = {
			isa = XCBuildConfiguration;
			buildSettings = {
				ALWAYS_SEARCH_USER_PATHS = NO;
				CLANG_ANALYZER_NONNULL = YES;
				CLANG_ANALYZER_NUMBER_OBJECT_CONVERSION = YES_AGGRESSIVE;
				CLANG_CXX_LANGUAGE_STANDARD = "gnu++20";
				CLANG_ENABLE_MODULES = YES;
				CLANG_ENABLE_OBJC_ARC = YES;
				CLANG_ENABLE_OBJC_WEAK = YES;
				CLANG_WARN_BLOCK_CAPTURE_AUTORELEASING = YES;
				CLANG_WARN_BOOL_CONVERSION = YES;
				CLANG_WARN_COMMA = YES;
				CLANG_WARN_CONSTANT_CONVERSION = YES;
				CLANG_WARN_DEPRECATED_OBJC_IMPLEMENTATIONS = YES;
				CLANG_WARN_DIRECT_OBJC_ISA_USAGE = YES_ERROR;
				CLANG_WARN_DOCUMENTATION_COMMENTS = YES;
				CLANG_WARN_EMPTY_BODY = YES;
				CLANG_WARN_ENUM_CONVERSION = YES;
				CLANG_WARN_INFINITE_RECURSION = YES;
				CLANG_WARN_INT_CONVERSION = YES;
				CLANG_WARN_NON_LITERAL_NULL_CONVERSION = YES;
				CLANG_WARN_OBJC_IMPLICIT_RETAIN_SELF = YES;
				CLANG_WARN_OBJC_LITERAL_CONVERSION = YES;
				CLANG_WARN_OBJC_ROOT_CLASS = YES_ERROR;
				CLANG_WARN_QUOTED_INCLUDE_IN_FRAMEWORK_HEADER = YES;
				CLANG_WARN_RANGE_LOOP_ANALYSIS = YES;
				CLANG_WARN_STRICT_PROTOTYPES = YES;
				CLANG_WARN_SUSPICIOUS_MOVE = YES;
				CLANG_WARN_UNGUARDED_AVAILABILITY = YES_AGGRESSIVE;
				CLANG_WARN_UNREACHABLE_CODE = YES;
				CLANG_WARN__DUPLICATE_METHOD_MATCH = YES;
				COPY_PHASE_STRIP = NO;
				DEBUG_INFORMATION_FORMAT = "dwarf-with-dsym";
				ENABLE_NS_ASSERTIONS = NO;
				ENABLE_STRICT_OBJC_MSGSEND = YES;
				ENABLE_USER_SCRIPT_SANDBOXING = YES;
				GCC_C_LANGUAGE_STANDARD = gnu11;
				GCC_NO_COMMON_BLOCKS = YES;
				GCC_WARN_64_TO_32_BIT_CONVERSION = YES;
				GCC_WARN_ABOUT_RETURN_TYPE = YES_ERROR;
				GCC_WARN_UNDECLARED_SELECTOR = YES;
				GCC_WARN_UNINITIALIZED_AUTOS = YES_AGGRESSIVE;
				GCC_WARN_UNUSED_FUNCTION = YES;
				GCC_WARN_UNUSED_VARIABLE = YES;
				IPHONEOS_DEPLOYMENT_TARGET = 16.2;
				MTL_ENABLE_DEBUG_INFO = NO;
				MTL_FAST_MATH = YES;
				SDKROOT = iphoneos;
				SWIFT_COMPILATION_MODE = wholemodule;
				SWIFT_OPTIMIZATION_LEVEL = "-O";
				VALIDATE_PRODUCT = YES;
			};
			name = Release;
		};
		87D1A7732AF2B9A900AB3210 /* Debug */ = {
			isa = XCBuildConfiguration;
			buildSettings = {
				ASSETCATALOG_COMPILER_APPICON_NAME = AppIcon;
				ASSETCATALOG_COMPILER_GLOBAL_ACCENT_COLOR_NAME = AccentColor;
				CODE_SIGN_STYLE = Automatic;
				CURRENT_PROJECT_VERSION = 1;
				DEVELOPMENT_ASSET_PATHS = "\"Imaging_Diagnosis_App/Preview Content\"";
				DEVELOPMENT_TEAM = R8G27KTU84;
				ENABLE_PREVIEWS = YES;
				GENERATE_INFOPLIST_FILE = YES;
				INFOPLIST_KEY_NSCameraUsageDescription = "Take photos";
				INFOPLIST_KEY_NSPhotoLibraryUsageDescription = "Keep photos";
				INFOPLIST_KEY_UIApplicationSceneManifest_Generation = YES;
				INFOPLIST_KEY_UIApplicationSupportsIndirectInputEvents = YES;
				INFOPLIST_KEY_UILaunchScreen_Generation = YES;
				INFOPLIST_KEY_UISupportedInterfaceOrientations_iPad = "UIInterfaceOrientationPortrait UIInterfaceOrientationPortraitUpsideDown UIInterfaceOrientationLandscapeLeft UIInterfaceOrientationLandscapeRight";
				INFOPLIST_KEY_UISupportedInterfaceOrientations_iPhone = "UIInterfaceOrientationPortrait UIInterfaceOrientationLandscapeLeft UIInterfaceOrientationLandscapeRight";
				LD_RUNPATH_SEARCH_PATHS = (
					"$(inherited)",
					"@executable_path/Frameworks",
				);
				MARKETING_VERSION = 1.0;
				PRODUCT_BUNDLE_IDENTIFIER = "Hamm.Imaging-Diagnosis-App";
				PRODUCT_NAME = "$(TARGET_NAME)";
				SWIFT_EMIT_LOC_STRINGS = YES;
				SWIFT_VERSION = 5.0;
				TARGETED_DEVICE_FAMILY = "1,2";
			};
			name = Debug;
		};
		87D1A7742AF2B9A900AB3210 /* Release */ = {
			isa = XCBuildConfiguration;
			buildSettings = {
				ASSETCATALOG_COMPILER_APPICON_NAME = AppIcon;
				ASSETCATALOG_COMPILER_GLOBAL_ACCENT_COLOR_NAME = AccentColor;
				CODE_SIGN_STYLE = Automatic;
				CURRENT_PROJECT_VERSION = 1;
				DEVELOPMENT_ASSET_PATHS = "\"Imaging_Diagnosis_App/Preview Content\"";
				DEVELOPMENT_TEAM = R8G27KTU84;
				ENABLE_PREVIEWS = YES;
				GENERATE_INFOPLIST_FILE = YES;
				INFOPLIST_KEY_NSCameraUsageDescription = "Take photos";
				INFOPLIST_KEY_NSPhotoLibraryUsageDescription = "Keep photos";
				INFOPLIST_KEY_UIApplicationSceneManifest_Generation = YES;
				INFOPLIST_KEY_UIApplicationSupportsIndirectInputEvents = YES;
				INFOPLIST_KEY_UILaunchScreen_Generation = YES;
				INFOPLIST_KEY_UISupportedInterfaceOrientations_iPad = "UIInterfaceOrientationPortrait UIInterfaceOrientationPortraitUpsideDown UIInterfaceOrientationLandscapeLeft UIInterfaceOrientationLandscapeRight";
				INFOPLIST_KEY_UISupportedInterfaceOrientations_iPhone = "UIInterfaceOrientationPortrait UIInterfaceOrientationLandscapeLeft UIInterfaceOrientationLandscapeRight";
				LD_RUNPATH_SEARCH_PATHS = (
					"$(inherited)",
					"@executable_path/Frameworks",
				);
				MARKETING_VERSION = 1.0;
				PRODUCT_BUNDLE_IDENTIFIER = "Hamm.Imaging-Diagnosis-App";
				PRODUCT_NAME = "$(TARGET_NAME)";
				SWIFT_EMIT_LOC_STRINGS = YES;
				SWIFT_VERSION = 5.0;
				TARGETED_DEVICE_FAMILY = "1,2";
			};
			name = Release;
		};
		87D1A7762AF2B9A900AB3210 /* Debug */ = {
			isa = XCBuildConfiguration;
			buildSettings = {
				ALWAYS_EMBED_SWIFT_STANDARD_LIBRARIES = YES;
				BUNDLE_LOADER = "$(TEST_HOST)";
				CODE_SIGN_STYLE = Automatic;
				CURRENT_PROJECT_VERSION = 1;
				GENERATE_INFOPLIST_FILE = YES;
				IPHONEOS_DEPLOYMENT_TARGET = 16.2;
				MARKETING_VERSION = 1.0;
				PRODUCT_BUNDLE_IDENTIFIER = "Hamm.Imaging-Diagnosis-AppTests";
				PRODUCT_NAME = "$(TARGET_NAME)";
				SWIFT_EMIT_LOC_STRINGS = NO;
				SWIFT_VERSION = 5.0;
				TARGETED_DEVICE_FAMILY = "1,2";
				TEST_HOST = "$(BUILT_PRODUCTS_DIR)/Imaging_Diagnosis_App.app/$(BUNDLE_EXECUTABLE_FOLDER_PATH)/Imaging_Diagnosis_App";
			};
			name = Debug;
		};
		87D1A7772AF2B9A900AB3210 /* Release */ = {
			isa = XCBuildConfiguration;
			buildSettings = {
				ALWAYS_EMBED_SWIFT_STANDARD_LIBRARIES = YES;
				BUNDLE_LOADER = "$(TEST_HOST)";
				CODE_SIGN_STYLE = Automatic;
				CURRENT_PROJECT_VERSION = 1;
				GENERATE_INFOPLIST_FILE = YES;
				IPHONEOS_DEPLOYMENT_TARGET = 16.2;
				MARKETING_VERSION = 1.0;
				PRODUCT_BUNDLE_IDENTIFIER = "Hamm.Imaging-Diagnosis-AppTests";
				PRODUCT_NAME = "$(TARGET_NAME)";
				SWIFT_EMIT_LOC_STRINGS = NO;
				SWIFT_VERSION = 5.0;
				TARGETED_DEVICE_FAMILY = "1,2";
				TEST_HOST = "$(BUILT_PRODUCTS_DIR)/Imaging_Diagnosis_App.app/$(BUNDLE_EXECUTABLE_FOLDER_PATH)/Imaging_Diagnosis_App";
			};
			name = Release;
		};
		87D1A7792AF2B9A900AB3210 /* Debug */ = {
			isa = XCBuildConfiguration;
			buildSettings = {
				ALWAYS_EMBED_SWIFT_STANDARD_LIBRARIES = YES;
				CODE_SIGN_STYLE = Automatic;
				CURRENT_PROJECT_VERSION = 1;
				GENERATE_INFOPLIST_FILE = YES;
				MARKETING_VERSION = 1.0;
				PRODUCT_BUNDLE_IDENTIFIER = "Hamm.Imaging-Diagnosis-AppUITests";
				PRODUCT_NAME = "$(TARGET_NAME)";
				SWIFT_EMIT_LOC_STRINGS = NO;
				SWIFT_VERSION = 5.0;
				TARGETED_DEVICE_FAMILY = "1,2";
				TEST_TARGET_NAME = Imaging_Diagnosis_App;
			};
			name = Debug;
		};
		87D1A77A2AF2B9A900AB3210 /* Release */ = {
			isa = XCBuildConfiguration;
			buildSettings = {
				ALWAYS_EMBED_SWIFT_STANDARD_LIBRARIES = YES;
				CODE_SIGN_STYLE = Automatic;
				CURRENT_PROJECT_VERSION = 1;
				GENERATE_INFOPLIST_FILE = YES;
				MARKETING_VERSION = 1.0;
				PRODUCT_BUNDLE_IDENTIFIER = "Hamm.Imaging-Diagnosis-AppUITests";
				PRODUCT_NAME = "$(TARGET_NAME)";
				SWIFT_EMIT_LOC_STRINGS = NO;
				SWIFT_VERSION = 5.0;
				TARGETED_DEVICE_FAMILY = "1,2";
				TEST_TARGET_NAME = Imaging_Diagnosis_App;
			};
			name = Release;
		};
/* End XCBuildConfiguration section */

/* Begin XCConfigurationList section */
		87D1A7492AF2B9A500AB3210 /* Build configuration list for PBXProject "Imaging_Diagnosis_App" */ = {
			isa = XCConfigurationList;
			buildConfigurations = (
				87D1A7702AF2B9A900AB3210 /* Debug */,
				87D1A7712AF2B9A900AB3210 /* Release */,
			);
			defaultConfigurationIsVisible = 0;
			defaultConfigurationName = Release;
		};
		87D1A7722AF2B9A900AB3210 /* Build configuration list for PBXNativeTarget "Imaging_Diagnosis_App" */ = {
			isa = XCConfigurationList;
			buildConfigurations = (
				87D1A7732AF2B9A900AB3210 /* Debug */,
				87D1A7742AF2B9A900AB3210 /* Release */,
			);
			defaultConfigurationIsVisible = 0;
			defaultConfigurationName = Release;
		};
		87D1A7752AF2B9A900AB3210 /* Build configuration list for PBXNativeTarget "Imaging_Diagnosis_AppTests" */ = {
			isa = XCConfigurationList;
			buildConfigurations = (
				87D1A7762AF2B9A900AB3210 /* Debug */,
				87D1A7772AF2B9A900AB3210 /* Release */,
			);
			defaultConfigurationIsVisible = 0;
			defaultConfigurationName = Release;
		};
		87D1A7782AF2B9A900AB3210 /* Build configuration list for PBXNativeTarget "Imaging_Diagnosis_AppUITests" */ = {
			isa = XCConfigurationList;
			buildConfigurations = (
				87D1A7792AF2B9A900AB3210 /* Debug */,
				87D1A77A2AF2B9A900AB3210 /* Release */,
			);
			defaultConfigurationIsVisible = 0;
			defaultConfigurationName = Release;
		};
/* End XCConfigurationList section */
	};
	rootObject = 87D1A7462AF2B9A500AB3210 /* Project object */;
}
